
Microsoft Visual Studio Solution File, Format Version 12.00
# Visual Studio Version 17
VisualStudioVersion = 17.7.34031.279
MinimumVisualStudioVersion = 10.0.40219.1
Project("{FAE04EC0-301F-11D3-BF4B-00C04F79EFBC}") = "hometask.", "..\hometask\hometask..csproj", "{9CCE675D-33C0-41B7-8E3D-B900E0E90548}"
EndProject
Global
	GlobalSection(SolutionConfigurationPlatforms) = preSolution
		Debug|Any CPU = Debug|Any CPU
		Release|Any CPU = Release|Any CPU
	EndGlobalSection
	GlobalSection(ProjectConfigurationPlatforms) = postSolution
		{9CCE675D-33C0-41B7-8E3D-B900E0E90548}.Debug|Any CPU.ActiveCfg = Debug|Any CPU
		{9CCE675D-33C0-41B7-8E3D-B900E0E90548}.Debug|Any CPU.Build.0 = Debug|Any CPU
		{9CCE675D-33C0-41B7-8E3D-B900E0E90548}.Release|Any CPU.ActiveCfg = Release|Any CPU
		{9CCE675D-33C0-41B7-8E3D-B900E0E90548}.Release|Any CPU.Build.0 = Release|Any CPU
	EndGlobalSection
	GlobalSection(SolutionProperties) = preSolution
		HideSolutionNode = FALSE
	EndGlobalSection
	GlobalSection(ExtensibilityGlobals) = postSolution
		SolutionGuid = {1F1457AB-CCED-4385-B8D8-BC33F3A70358}
	EndGlobalSection
EndGlobal
